
Microsoft Visual Studio Solution File, Format Version 12.00
# Visual Studio 15
VisualStudioVersion = 15.0.28307.1340
MinimumVisualStudioVersion = 10.0.40219.1
Project("{FAE04EC0-301F-11D3-BF4B-00C04F79EFBC}") = "DegreePrjWinForm", "DegreePrjWinForm\DegreePrjWinForm.csproj", "{76227145-85E4-4FF6-AA45-12947FC18FEA}"
EndProject
Project("{FAE04EC0-301F-11D3-BF4B-00C04F79EFBC}") = "DegreePrjTestProject", "UnitTestProject1\DegreePrjTestProject.csproj", "{52D807C8-A58D-4C3A-B4D1-7B5EAA8B2A23}"
EndProject
Global
	GlobalSection(SolutionConfigurationPlatforms) = preSolution
		Debug|Any CPU = Debug|Any CPU
		Release|Any CPU = Release|Any CPU
	EndGlobalSection
	GlobalSection(ProjectConfigurationPlatforms) = postSolution
		{76227145-85E4-4FF6-AA45-12947FC18FEA}.Debug|Any CPU.ActiveCfg = Debug|Any CPU
		{76227145-85E4-4FF6-AA45-12947FC18FEA}.Debug|Any CPU.Build.0 = Debug|Any CPU
		{76227145-85E4-4FF6-AA45-12947FC18FEA}.Release|Any CPU.ActiveCfg = Release|Any CPU
		{76227145-85E4-4FF6-AA45-12947FC18FEA}.Release|Any CPU.Build.0 = Release|Any CPU
		{52D807C8-A58D-4C3A-B4D1-7B5EAA8B2A23}.Debug|Any CPU.ActiveCfg = Debug|Any CPU
		{52D807C8-A58D-4C3A-B4D1-7B5EAA8B2A23}.Debug|Any CPU.Build.0 = Debug|Any CPU
		{52D807C8-A58D-4C3A-B4D1-7B5EAA8B2A23}.Release|Any CPU.ActiveCfg = Release|Any CPU
		{52D807C8-A58D-4C3A-B4D1-7B5EAA8B2A23}.Release|Any CPU.Build.0 = Release|Any CPU
	EndGlobalSection
	GlobalSection(SolutionProperties) = preSolution
		HideSolutionNode = FALSE
	EndGlobalSection
	GlobalSection(ExtensibilityGlobals) = postSolution
		SolutionGuid = {B1EA4523-10A5-477F-8036-D776A9F53462}
	EndGlobalSection
EndGlobal
